// !$*UTF8*$!
{
	archiveVersion = 1;
	classes = {
	};
	objectVersion = 46;
	objects = {

/* Begin PBXBuildFile section */
		AAC1BDF11D27D2D2001D51BB /* AppDelegate.swift in Sources */ = {isa = PBXBuildFile; fileRef = AAC1BDF01D27D2D2001D51BB /* AppDelegate.swift */; };
		AAC1BDF31D27D2D2001D51BB /* TodaysWeatherViewController.swift in Sources */ = {isa = PBXBuildFile; fileRef = AAC1BDF21D27D2D2001D51BB /* TodaysWeatherViewController.swift */; };
		AAC1BDF61D27D2D2001D51BB /* Main.storyboard in Resources */ = {isa = PBXBuildFile; fileRef = AAC1BDF41D27D2D2001D51BB /* Main.storyboard */; };
		AAC1BDF81D27D2D2001D51BB /* Assets.xcassets in Resources */ = {isa = PBXBuildFile; fileRef = AAC1BDF71D27D2D2001D51BB /* Assets.xcassets */; };
		AAC1BDFB1D27D2D2001D51BB /* LaunchScreen.storyboard in Resources */ = {isa = PBXBuildFile; fileRef = AAC1BDF91D27D2D2001D51BB /* LaunchScreen.storyboard */; };
		AAC1BE111D27D2D3001D51BB /* WeatherAppUITests.swift in Sources */ = {isa = PBXBuildFile; fileRef = AAC1BE101D27D2D3001D51BB /* WeatherAppUITests.swift */; };
		AAC1BE261D27D49F001D51BB /* HTTPClient.swift in Sources */ = {isa = PBXBuildFile; fileRef = AAC1BE251D27D49F001D51BB /* HTTPClient.swift */; };
		AAC1BE2A1D27D856001D51BB /* URLSession.swift in Sources */ = {isa = PBXBuildFile; fileRef = AAC1BE291D27D856001D51BB /* URLSession.swift */; };
		AAC1BE2E1D27D9CC001D51BB /* NSURLSession+URLSession.swift in Sources */ = {isa = PBXBuildFile; fileRef = AAC1BE2D1D27D9CC001D51BB /* NSURLSession+URLSession.swift */; };
		AAC1BE311D27DABD001D51BB /* HTTPClientTests.swift in Sources */ = {isa = PBXBuildFile; fileRef = AAC1BE301D27DABD001D51BB /* HTTPClientTests.swift */; };
		AAC1BE331D27DD9D001D51BB /* URLSessionDataTask.swift in Sources */ = {isa = PBXBuildFile; fileRef = AAC1BE321D27DD9D001D51BB /* URLSessionDataTask.swift */; };
		AAC1BE351D27DDC7001D51BB /* NSURLSessionDataTask+SessionDataTask.swift in Sources */ = {isa = PBXBuildFile; fileRef = AAC1BE341D27DDC7001D51BB /* NSURLSessionDataTask+SessionDataTask.swift */; };
		AAC1BE371D27E393001D51BB /* String+NSUTF8StringEncoding.swift in Sources */ = {isa = PBXBuildFile; fileRef = AAC1BE361D27E393001D51BB /* String+NSUTF8StringEncoding.swift */; };
		AAC1BE391D27E7A8001D51BB /* NSHTTPURLResponse+StatusCode.swift in Sources */ = {isa = PBXBuildFile; fileRef = AAC1BE381D27E7A8001D51BB /* NSHTTPURLResponse+StatusCode.swift */; };
		AAC1BE3B1D27EC5C001D51BB /* SeededDataTask.swift in Sources */ = {isa = PBXBuildFile; fileRef = AAC1BE3A1D27EC5C001D51BB /* SeededDataTask.swift */; };
		AAC1BE3D1D27EC9F001D51BB /* SeededURLSession.swift in Sources */ = {isa = PBXBuildFile; fileRef = AAC1BE3C1D27EC9F001D51BB /* SeededURLSession.swift */; };
		AAC1BE3F1D27EECE001D51BB /* Config.swift in Sources */ = {isa = PBXBuildFile; fileRef = AAC1BE3E1D27EECE001D51BB /* Config.swift */; };
		AAC1BE411D27F2F4001D51BB /* Constants.swift in Sources */ = {isa = PBXBuildFile; fileRef = AAC1BE401D27F2F4001D51BB /* Constants.swift */; };
		AAC1BE431D27F5F1001D51BB /* BayswaterExample.json in Resources */ = {isa = PBXBuildFile; fileRef = AAC1BE421D27F5F1001D51BB /* BayswaterExample.json */; };
		AAC1BE451D27F698001D51BB /* TestHelper.swift in Sources */ = {isa = PBXBuildFile; fileRef = AAC1BE441D27F698001D51BB /* TestHelper.swift */; };
		AAC1BE481D27F8BB001D51BB /* EndpointUtil.swift in Sources */ = {isa = PBXBuildFile; fileRef = AAC1BE471D27F8BB001D51BB /* EndpointUtil.swift */; };
		AAC1BE491D280129001D51BB /* EndpointUtil.swift in Sources */ = {isa = PBXBuildFile; fileRef = AAC1BE471D27F8BB001D51BB /* EndpointUtil.swift */; };
		AAC1BE4A1D280136001D51BB /* Constants.swift in Sources */ = {isa = PBXBuildFile; fileRef = AAC1BE401D27F2F4001D51BB /* Constants.swift */; };
		AAC1BE4D1D2802B7001D51BB /* EndpointUtilTests.swift in Sources */ = {isa = PBXBuildFile; fileRef = AAC1BE4C1D2802B7001D51BB /* EndpointUtilTests.swift */; };
		AAC1BE501D280301001D51BB /* ConfigTests.swift in Sources */ = {isa = PBXBuildFile; fileRef = AAC1BE4F1D280301001D51BB /* ConfigTests.swift */; };
		AAC1BE521D28043E001D51BB /* TodaysWeather.swift in Sources */ = {isa = PBXBuildFile; fileRef = AAC1BE511D28043E001D51BB /* TodaysWeather.swift */; };
		AAC1BE541D280FFE001D51BB /* TodaysWeatherViewModel.swift in Sources */ = {isa = PBXBuildFile; fileRef = AAC1BE531D280FFE001D51BB /* TodaysWeatherViewModel.swift */; };
		AAC1BE581D281705001D51BB /* TodaysWeatherInteractor.swift in Sources */ = {isa = PBXBuildFile; fileRef = AAC1BE571D281705001D51BB /* TodaysWeatherInteractor.swift */; };
		AAC1BE5A1D281714001D51BB /* TodaysWeatherPresenter.swift in Sources */ = {isa = PBXBuildFile; fileRef = AAC1BE591D281714001D51BB /* TodaysWeatherPresenter.swift */; };
		AAC1BE5D1D2817D3001D51BB /* TodaysWeatherConfigurator.swift in Sources */ = {isa = PBXBuildFile; fileRef = AAC1BE5C1D2817D3001D51BB /* TodaysWeatherConfigurator.swift */; };
		AAC1BE651D282A00001D51BB /* TodaysWeatherTests.swift in Sources */ = {isa = PBXBuildFile; fileRef = AAC1BE641D282A00001D51BB /* TodaysWeatherTests.swift */; };
		AAC1BE681D2836F9001D51BB /* BayswaterExample.json in Resources */ = {isa = PBXBuildFile; fileRef = AAC1BE421D27F5F1001D51BB /* BayswaterExample.json */; };
		AAC1BE691D28372C001D51BB /* TestHelper.swift in Sources */ = {isa = PBXBuildFile; fileRef = AAC1BE441D27F698001D51BB /* TestHelper.swift */; };
		AAC1BE6B1D2856C3001D51BB /* InfoLabelAndIconView.swift in Sources */ = {isa = PBXBuildFile; fileRef = AAC1BE6A1D2856C3001D51BB /* InfoLabelAndIconView.swift */; };
		AAC1BE6D1D2856F9001D51BB /* XibLoadingView.swift in Sources */ = {isa = PBXBuildFile; fileRef = AAC1BE6C1D2856F9001D51BB /* XibLoadingView.swift */; };
		AAC1BE6F1D28572D001D51BB /* InfoLabelAndIconView.xib in Resources */ = {isa = PBXBuildFile; fileRef = AAC1BE6E1D28572D001D51BB /* InfoLabelAndIconView.xib */; };
		AAC1BE751D2884C0001D51BB /* LocationManager.swift in Sources */ = {isa = PBXBuildFile; fileRef = AAC1BE741D2884C0001D51BB /* LocationManager.swift */; };
		AAC1BE771D28939C001D51BB /* GradientView.swift in Sources */ = {isa = PBXBuildFile; fileRef = AAC1BE761D28939C001D51BB /* GradientView.swift */; };
		AAC1BE7A1D291427001D51BB /* TodaysWeatherView.swift in Sources */ = {isa = PBXBuildFile; fileRef = AAC1BE791D291427001D51BB /* TodaysWeatherView.swift */; };
		AAC1BE7C1D291430001D51BB /* TodaysWeatherView.xib in Resources */ = {isa = PBXBuildFile; fileRef = AAC1BE7B1D291430001D51BB /* TodaysWeatherView.xib */; };
		AAC1BE7E1D2915A1001D51BB /* ErrorButton.swift in Sources */ = {isa = PBXBuildFile; fileRef = AAC1BE7D1D2915A1001D51BB /* ErrorButton.swift */; };
		AAC1BE801D292BDE001D51BB /* CGFloat+DegreesToRadians.swift in Sources */ = {isa = PBXBuildFile; fileRef = AAC1BE7F1D292BDE001D51BB /* CGFloat+DegreesToRadians.swift */; };
		AAC1BE821D29324A001D51BB /* LoadingView.swift in Sources */ = {isa = PBXBuildFile; fileRef = AAC1BE811D29324A001D51BB /* LoadingView.swift */; };
		AAC1BE841D294A3E001D51BB /* TodaysWeatherViewTests.swift in Sources */ = {isa = PBXBuildFile; fileRef = AAC1BE831D294A3E001D51BB /* TodaysWeatherViewTests.swift */; };
		AAC1BE871D294E39001D51BB /* CGFloatDegreesToRadiansTests.swift in Sources */ = {isa = PBXBuildFile; fileRef = AAC1BE861D294E39001D51BB /* CGFloatDegreesToRadiansTests.swift */; };
		AAC1BE881D295967001D51BB /* Config.swift in Sources */ = {isa = PBXBuildFile; fileRef = AAC1BE3E1D27EECE001D51BB /* Config.swift */; };
		AAC1BE891D295970001D51BB /* SeededDataTask.swift in Sources */ = {isa = PBXBuildFile; fileRef = AAC1BE3A1D27EC5C001D51BB /* SeededDataTask.swift */; };
		AAC1BE8A1D295973001D51BB /* SeededURLSession.swift in Sources */ = {isa = PBXBuildFile; fileRef = AAC1BE3C1D27EC9F001D51BB /* SeededURLSession.swift */; };
		AAC1BE8B1D295B29001D51BB /* String+NSUTF8StringEncoding.swift in Sources */ = {isa = PBXBuildFile; fileRef = AAC1BE361D27E393001D51BB /* String+NSUTF8StringEncoding.swift */; };
/* End PBXBuildFile section */

/* Begin PBXContainerItemProxy section */
		AAC1BE021D27D2D3001D51BB /* PBXContainerItemProxy */ = {
			isa = PBXContainerItemProxy;
			containerPortal = AAC1BDE51D27D2D2001D51BB /* Project object */;
			proxyType = 1;
			remoteGlobalIDString = AAC1BDEC1D27D2D2001D51BB;
			remoteInfo = WeatherApp;
		};
		AAC1BE0D1D27D2D3001D51BB /* PBXContainerItemProxy */ = {
			isa = PBXContainerItemProxy;
			containerPortal = AAC1BDE51D27D2D2001D51BB /* Project object */;
			proxyType = 1;
			remoteGlobalIDString = AAC1BDEC1D27D2D2001D51BB;
			remoteInfo = WeatherApp;
		};
/* End PBXContainerItemProxy section */

/* Begin PBXFileReference section */
		AAC1BDED1D27D2D2001D51BB /* WeatherApp.app */ = {isa = PBXFileReference; explicitFileType = wrapper.application; includeInIndex = 0; path = WeatherApp.app; sourceTree = BUILT_PRODUCTS_DIR; };
		AAC1BDF01D27D2D2001D51BB /* AppDelegate.swift */ = {isa = PBXFileReference; lastKnownFileType = sourcecode.swift; path = AppDelegate.swift; sourceTree = "<group>"; };
		AAC1BDF21D27D2D2001D51BB /* TodaysWeatherViewController.swift */ = {isa = PBXFileReference; lastKnownFileType = sourcecode.swift; path = TodaysWeatherViewController.swift; sourceTree = "<group>"; };
		AAC1BDF51D27D2D2001D51BB /* Base */ = {isa = PBXFileReference; lastKnownFileType = file.storyboard; name = Base; path = Base.lproj/Main.storyboard; sourceTree = "<group>"; };
		AAC1BDF71D27D2D2001D51BB /* Assets.xcassets */ = {isa = PBXFileReference; lastKnownFileType = folder.assetcatalog; path = Assets.xcassets; sourceTree = "<group>"; };
		AAC1BDFA1D27D2D2001D51BB /* Base */ = {isa = PBXFileReference; lastKnownFileType = file.storyboard; name = Base; path = Base.lproj/LaunchScreen.storyboard; sourceTree = "<group>"; };
		AAC1BDFC1D27D2D2001D51BB /* Info.plist */ = {isa = PBXFileReference; lastKnownFileType = text.plist.xml; path = Info.plist; sourceTree = "<group>"; };
		AAC1BE011D27D2D3001D51BB /* WeatherAppTests.xctest */ = {isa = PBXFileReference; explicitFileType = wrapper.cfbundle; includeInIndex = 0; path = WeatherAppTests.xctest; sourceTree = BUILT_PRODUCTS_DIR; };
		AAC1BE071D27D2D3001D51BB /* Info.plist */ = {isa = PBXFileReference; lastKnownFileType = text.plist.xml; path = Info.plist; sourceTree = "<group>"; };
		AAC1BE0C1D27D2D3001D51BB /* WeatherAppUITests.xctest */ = {isa = PBXFileReference; explicitFileType = wrapper.cfbundle; includeInIndex = 0; path = WeatherAppUITests.xctest; sourceTree = BUILT_PRODUCTS_DIR; };
		AAC1BE101D27D2D3001D51BB /* WeatherAppUITests.swift */ = {isa = PBXFileReference; lastKnownFileType = sourcecode.swift; path = WeatherAppUITests.swift; sourceTree = "<group>"; };
		AAC1BE121D27D2D3001D51BB /* Info.plist */ = {isa = PBXFileReference; lastKnownFileType = text.plist.xml; path = Info.plist; sourceTree = "<group>"; };
		AAC1BE251D27D49F001D51BB /* HTTPClient.swift */ = {isa = PBXFileReference; fileEncoding = 4; lastKnownFileType = sourcecode.swift; path = HTTPClient.swift; sourceTree = "<group>"; };
		AAC1BE291D27D856001D51BB /* URLSession.swift */ = {isa = PBXFileReference; fileEncoding = 4; lastKnownFileType = sourcecode.swift; path = URLSession.swift; sourceTree = "<group>"; };
		AAC1BE2D1D27D9CC001D51BB /* NSURLSession+URLSession.swift */ = {isa = PBXFileReference; fileEncoding = 4; lastKnownFileType = sourcecode.swift; path = "NSURLSession+URLSession.swift"; sourceTree = "<group>"; };
		AAC1BE301D27DABD001D51BB /* HTTPClientTests.swift */ = {isa = PBXFileReference; fileEncoding = 4; lastKnownFileType = sourcecode.swift; path = HTTPClientTests.swift; sourceTree = "<group>"; };
		AAC1BE321D27DD9D001D51BB /* URLSessionDataTask.swift */ = {isa = PBXFileReference; fileEncoding = 4; lastKnownFileType = sourcecode.swift; path = URLSessionDataTask.swift; sourceTree = "<group>"; };
		AAC1BE341D27DDC7001D51BB /* NSURLSessionDataTask+SessionDataTask.swift */ = {isa = PBXFileReference; fileEncoding = 4; lastKnownFileType = sourcecode.swift; path = "NSURLSessionDataTask+SessionDataTask.swift"; sourceTree = "<group>"; };
		AAC1BE361D27E393001D51BB /* String+NSUTF8StringEncoding.swift */ = {isa = PBXFileReference; fileEncoding = 4; lastKnownFileType = sourcecode.swift; path = "String+NSUTF8StringEncoding.swift"; sourceTree = "<group>"; };
		AAC1BE381D27E7A8001D51BB /* NSHTTPURLResponse+StatusCode.swift */ = {isa = PBXFileReference; fileEncoding = 4; lastKnownFileType = sourcecode.swift; path = "NSHTTPURLResponse+StatusCode.swift"; sourceTree = "<group>"; };
		AAC1BE3A1D27EC5C001D51BB /* SeededDataTask.swift */ = {isa = PBXFileReference; fileEncoding = 4; lastKnownFileType = sourcecode.swift; path = SeededDataTask.swift; sourceTree = "<group>"; };
		AAC1BE3C1D27EC9F001D51BB /* SeededURLSession.swift */ = {isa = PBXFileReference; fileEncoding = 4; lastKnownFileType = sourcecode.swift; path = SeededURLSession.swift; sourceTree = "<group>"; };
		AAC1BE3E1D27EECE001D51BB /* Config.swift */ = {isa = PBXFileReference; fileEncoding = 4; lastKnownFileType = sourcecode.swift; path = Config.swift; sourceTree = "<group>"; };
		AAC1BE401D27F2F4001D51BB /* Constants.swift */ = {isa = PBXFileReference; fileEncoding = 4; lastKnownFileType = sourcecode.swift; path = Constants.swift; sourceTree = "<group>"; };
		AAC1BE421D27F5F1001D51BB /* BayswaterExample.json */ = {isa = PBXFileReference; fileEncoding = 4; lastKnownFileType = text.json; path = BayswaterExample.json; sourceTree = "<group>"; xcLanguageSpecificationIdentifier = xcode.lang.javascript; };
		AAC1BE441D27F698001D51BB /* TestHelper.swift */ = {isa = PBXFileReference; fileEncoding = 4; lastKnownFileType = sourcecode.swift; path = TestHelper.swift; sourceTree = "<group>"; };
		AAC1BE471D27F8BB001D51BB /* EndpointUtil.swift */ = {isa = PBXFileReference; fileEncoding = 4; lastKnownFileType = sourcecode.swift; path = EndpointUtil.swift; sourceTree = "<group>"; };
		AAC1BE4C1D2802B7001D51BB /* EndpointUtilTests.swift */ = {isa = PBXFileReference; fileEncoding = 4; lastKnownFileType = sourcecode.swift; path = EndpointUtilTests.swift; sourceTree = "<group>"; };
		AAC1BE4F1D280301001D51BB /* ConfigTests.swift */ = {isa = PBXFileReference; fileEncoding = 4; lastKnownFileType = sourcecode.swift; path = ConfigTests.swift; sourceTree = "<group>"; };
		AAC1BE511D28043E001D51BB /* TodaysWeather.swift */ = {isa = PBXFileReference; fileEncoding = 4; lastKnownFileType = sourcecode.swift; path = TodaysWeather.swift; sourceTree = "<group>"; };
		AAC1BE531D280FFE001D51BB /* TodaysWeatherViewModel.swift */ = {isa = PBXFileReference; fileEncoding = 4; lastKnownFileType = sourcecode.swift; path = TodaysWeatherViewModel.swift; sourceTree = "<group>"; };
		AAC1BE571D281705001D51BB /* TodaysWeatherInteractor.swift */ = {isa = PBXFileReference; fileEncoding = 4; lastKnownFileType = sourcecode.swift; path = TodaysWeatherInteractor.swift; sourceTree = "<group>"; };
		AAC1BE591D281714001D51BB /* TodaysWeatherPresenter.swift */ = {isa = PBXFileReference; fileEncoding = 4; lastKnownFileType = sourcecode.swift; path = TodaysWeatherPresenter.swift; sourceTree = "<group>"; };
		AAC1BE5C1D2817D3001D51BB /* TodaysWeatherConfigurator.swift */ = {isa = PBXFileReference; fileEncoding = 4; lastKnownFileType = sourcecode.swift; path = TodaysWeatherConfigurator.swift; sourceTree = "<group>"; };
		AAC1BE641D282A00001D51BB /* TodaysWeatherTests.swift */ = {isa = PBXFileReference; fileEncoding = 4; lastKnownFileType = sourcecode.swift; path = TodaysWeatherTests.swift; sourceTree = "<group>"; };
		AAC1BE6A1D2856C3001D51BB /* InfoLabelAndIconView.swift */ = {isa = PBXFileReference; fileEncoding = 4; lastKnownFileType = sourcecode.swift; path = InfoLabelAndIconView.swift; sourceTree = "<group>"; };
		AAC1BE6C1D2856F9001D51BB /* XibLoadingView.swift */ = {isa = PBXFileReference; fileEncoding = 4; lastKnownFileType = sourcecode.swift; path = XibLoadingView.swift; sourceTree = "<group>"; };
		AAC1BE6E1D28572D001D51BB /* InfoLabelAndIconView.xib */ = {isa = PBXFileReference; fileEncoding = 4; lastKnownFileType = file.xib; path = InfoLabelAndIconView.xib; sourceTree = "<group>"; };
		AAC1BE741D2884C0001D51BB /* LocationManager.swift */ = {isa = PBXFileReference; fileEncoding = 4; lastKnownFileType = sourcecode.swift; path = LocationManager.swift; sourceTree = "<group>"; };
		AAC1BE761D28939C001D51BB /* GradientView.swift */ = {isa = PBXFileReference; fileEncoding = 4; lastKnownFileType = sourcecode.swift; path = GradientView.swift; sourceTree = "<group>"; };
		AAC1BE791D291427001D51BB /* TodaysWeatherView.swift */ = {isa = PBXFileReference; fileEncoding = 4; lastKnownFileType = sourcecode.swift; path = TodaysWeatherView.swift; sourceTree = "<group>"; };
		AAC1BE7B1D291430001D51BB /* TodaysWeatherView.xib */ = {isa = PBXFileReference; fileEncoding = 4; lastKnownFileType = file.xib; path = TodaysWeatherView.xib; sourceTree = "<group>"; };
		AAC1BE7D1D2915A1001D51BB /* ErrorButton.swift */ = {isa = PBXFileReference; fileEncoding = 4; lastKnownFileType = sourcecode.swift; path = ErrorButton.swift; sourceTree = "<group>"; };
		AAC1BE7F1D292BDE001D51BB /* CGFloat+DegreesToRadians.swift */ = {isa = PBXFileReference; fileEncoding = 4; lastKnownFileType = sourcecode.swift; path = "CGFloat+DegreesToRadians.swift"; sourceTree = "<group>"; };
		AAC1BE811D29324A001D51BB /* LoadingView.swift */ = {isa = PBXFileReference; fileEncoding = 4; lastKnownFileType = sourcecode.swift; path = LoadingView.swift; sourceTree = "<group>"; };
		AAC1BE831D294A3E001D51BB /* TodaysWeatherViewTests.swift */ = {isa = PBXFileReference; fileEncoding = 4; lastKnownFileType = sourcecode.swift; path = TodaysWeatherViewTests.swift; sourceTree = "<group>"; };
		AAC1BE861D294E39001D51BB /* CGFloatDegreesToRadiansTests.swift */ = {isa = PBXFileReference; fileEncoding = 4; lastKnownFileType = sourcecode.swift; path = CGFloatDegreesToRadiansTests.swift; sourceTree = "<group>"; };
/* End PBXFileReference section */

/* Begin PBXFrameworksBuildPhase section */
		AAC1BDEA1D27D2D2001D51BB /* Frameworks */ = {
			isa = PBXFrameworksBuildPhase;
			buildActionMask = 2147483647;
			files = (
			);
			runOnlyForDeploymentPostprocessing = 0;
		};
		AAC1BDFE1D27D2D3001D51BB /* Frameworks */ = {
			isa = PBXFrameworksBuildPhase;
			buildActionMask = 2147483647;
			files = (
			);
			runOnlyForDeploymentPostprocessing = 0;
		};
		AAC1BE091D27D2D3001D51BB /* Frameworks */ = {
			isa = PBXFrameworksBuildPhase;
			buildActionMask = 2147483647;
			files = (
			);
			runOnlyForDeploymentPostprocessing = 0;
		};
/* End PBXFrameworksBuildPhase section */

/* Begin PBXGroup section */
		AAC1BDE41D27D2D2001D51BB = {
			isa = PBXGroup;
			children = (
				AAC1BDEF1D27D2D2001D51BB /* WeatherApp */,
				AAC1BE041D27D2D3001D51BB /* WeatherAppTests */,
				AAC1BE0F1D27D2D3001D51BB /* WeatherAppUITests */,
				AAC1BDEE1D27D2D2001D51BB /* Products */,
			);
			sourceTree = "<group>";
		};
		AAC1BDEE1D27D2D2001D51BB /* Products */ = {
			isa = PBXGroup;
			children = (
				AAC1BDED1D27D2D2001D51BB /* WeatherApp.app */,
				AAC1BE011D27D2D3001D51BB /* WeatherAppTests.xctest */,
				AAC1BE0C1D27D2D3001D51BB /* WeatherAppUITests.xctest */,
			);
			name = Products;
			sourceTree = "<group>";
		};
		AAC1BDEF1D27D2D2001D51BB /* WeatherApp */ = {
			isa = PBXGroup;
			children = (
				AAC1BDF71D27D2D2001D51BB /* Assets.xcassets */,
				AAC1BDFC1D27D2D2001D51BB /* Info.plist */,
				AAC1BDF01D27D2D2001D51BB /* AppDelegate.swift */,
				AAC1BE401D27F2F4001D51BB /* Constants.swift */,
				AAC1BE1F1D27D40E001D51BB /* Storyboards */,
				AAC1BE1E1D27D406001D51BB /* ViewControllers */,
				AAC1BE551D2816D8001D51BB /* Interactors */,
				AAC1BE561D2816E9001D51BB /* Presenters */,
				AAC1BE5B1D2817BE001D51BB /* Configurators */,
				AAC1BE221D27D46A001D51BB /* Views */,
				AAC1BE231D27D474001D51BB /* ViewModels */,
				AAC1BE211D27D464001D51BB /* Models */,
				AAC1BE2B1D27D9A0001D51BB /* Extensions */,
				AAC1BE271D27D82F001D51BB /* Protocols */,
				AAC1BE241D27D48C001D51BB /* Network */,
				AAC1BE731D2884AE001D51BB /* Location */,
				AAC1BE461D27F8A6001D51BB /* Utils */,
			);
			path = WeatherApp;
			sourceTree = "<group>";
		};
		AAC1BE041D27D2D3001D51BB /* WeatherAppTests */ = {
			isa = PBXGroup;
			children = (
				AAC1BE631D2829E1001D51BB /* TodaysWeather */,
				AAC1BE2F1D27DA92001D51BB /* Network */,
				AAC1BE4E1D2802C8001D51BB /* Utils */,
				AAC1BE851D294E22001D51BB /* Extensions */,
				AAC1BE071D27D2D3001D51BB /* Info.plist */,
			);
			path = WeatherAppTests;
			sourceTree = "<group>";
		};
		AAC1BE0F1D27D2D3001D51BB /* WeatherAppUITests */ = {
			isa = PBXGroup;
			children = (
				AAC1BE101D27D2D3001D51BB /* WeatherAppUITests.swift */,
				AAC1BE441D27F698001D51BB /* TestHelper.swift */,
				AAC1BE421D27F5F1001D51BB /* BayswaterExample.json */,
				AAC1BE121D27D2D3001D51BB /* Info.plist */,
			);
			path = WeatherAppUITests;
			sourceTree = "<group>";
		};
		AAC1BE1E1D27D406001D51BB /* ViewControllers */ = {
			isa = PBXGroup;
			children = (
				AAC1BDF21D27D2D2001D51BB /* TodaysWeatherViewController.swift */,
			);
			name = ViewControllers;
			sourceTree = "<group>";
		};
		AAC1BE1F1D27D40E001D51BB /* Storyboards */ = {
			isa = PBXGroup;
			children = (
				AAC1BDF91D27D2D2001D51BB /* LaunchScreen.storyboard */,
				AAC1BDF41D27D2D2001D51BB /* Main.storyboard */,
			);
			name = Storyboards;
			sourceTree = "<group>";
		};
		AAC1BE211D27D464001D51BB /* Models */ = {
			isa = PBXGroup;
			children = (
				AAC1BE511D28043E001D51BB /* TodaysWeather.swift */,
			);
			name = Models;
			sourceTree = "<group>";
		};
		AAC1BE221D27D46A001D51BB /* Views */ = {
			isa = PBXGroup;
			children = (
				AAC1BE6C1D2856F9001D51BB /* XibLoadingView.swift */,
				AAC1BE761D28939C001D51BB /* GradientView.swift */,
				AAC1BE7D1D2915A1001D51BB /* ErrorButton.swift */,
				AAC1BE811D29324A001D51BB /* LoadingView.swift */,
				AAC1BE781D291415001D51BB /* TodaysWeatherView */,
				AAC1BE701D2857BB001D51BB /* InfoLabelAndIconView */,
			);
			name = Views;
			sourceTree = "<group>";
		};
		AAC1BE231D27D474001D51BB /* ViewModels */ = {
			isa = PBXGroup;
			children = (
				AAC1BE531D280FFE001D51BB /* TodaysWeatherViewModel.swift */,
			);
			name = ViewModels;
			sourceTree = "<group>";
		};
		AAC1BE241D27D48C001D51BB /* Network */ = {
			isa = PBXGroup;
			children = (
				AAC1BE251D27D49F001D51BB /* HTTPClient.swift */,
				AAC1BE3C1D27EC9F001D51BB /* SeededURLSession.swift */,
				AAC1BE3A1D27EC5C001D51BB /* SeededDataTask.swift */,
				AAC1BE3E1D27EECE001D51BB /* Config.swift */,
			);
			name = Network;
			sourceTree = "<group>";
		};
		AAC1BE271D27D82F001D51BB /* Protocols */ = {
			isa = PBXGroup;
			children = (
				AAC1BE281D27D838001D51BB /* Network */,
			);
			name = Protocols;
			sourceTree = "<group>";
		};
		AAC1BE281D27D838001D51BB /* Network */ = {
			isa = PBXGroup;
			children = (
				AAC1BE291D27D856001D51BB /* URLSession.swift */,
				AAC1BE321D27DD9D001D51BB /* URLSessionDataTask.swift */,
			);
			name = Network;
			sourceTree = "<group>";
		};
		AAC1BE2B1D27D9A0001D51BB /* Extensions */ = {
			isa = PBXGroup;
			children = (
				AAC1BE2C1D27D9A7001D51BB /* Network */,
				AAC1BE361D27E393001D51BB /* String+NSUTF8StringEncoding.swift */,
				AAC1BE7F1D292BDE001D51BB /* CGFloat+DegreesToRadians.swift */,
			);
			name = Extensions;
			sourceTree = "<group>";
		};
		AAC1BE2C1D27D9A7001D51BB /* Network */ = {
			isa = PBXGroup;
			children = (
				AAC1BE2D1D27D9CC001D51BB /* NSURLSession+URLSession.swift */,
				AAC1BE341D27DDC7001D51BB /* NSURLSessionDataTask+SessionDataTask.swift */,
				AAC1BE381D27E7A8001D51BB /* NSHTTPURLResponse+StatusCode.swift */,
			);
			name = Network;
			sourceTree = "<group>";
		};
		AAC1BE2F1D27DA92001D51BB /* Network */ = {
			isa = PBXGroup;
			children = (
				AAC1BE301D27DABD001D51BB /* HTTPClientTests.swift */,
				AAC1BE4F1D280301001D51BB /* ConfigTests.swift */,
			);
			name = Network;
			sourceTree = "<group>";
		};
		AAC1BE461D27F8A6001D51BB /* Utils */ = {
			isa = PBXGroup;
			children = (
				AAC1BE471D27F8BB001D51BB /* EndpointUtil.swift */,
			);
			name = Utils;
			sourceTree = "<group>";
		};
		AAC1BE4E1D2802C8001D51BB /* Utils */ = {
			isa = PBXGroup;
			children = (
				AAC1BE4C1D2802B7001D51BB /* EndpointUtilTests.swift */,
			);
			name = Utils;
			sourceTree = "<group>";
		};
		AAC1BE551D2816D8001D51BB /* Interactors */ = {
			isa = PBXGroup;
			children = (
				AAC1BE571D281705001D51BB /* TodaysWeatherInteractor.swift */,
			);
			name = Interactors;
			sourceTree = "<group>";
		};
		AAC1BE561D2816E9001D51BB /* Presenters */ = {
			isa = PBXGroup;
			children = (
				AAC1BE591D281714001D51BB /* TodaysWeatherPresenter.swift */,
			);
			name = Presenters;
			sourceTree = "<group>";
		};
		AAC1BE5B1D2817BE001D51BB /* Configurators */ = {
			isa = PBXGroup;
			children = (
				AAC1BE5C1D2817D3001D51BB /* TodaysWeatherConfigurator.swift */,
			);
			name = Configurators;
			sourceTree = "<group>";
		};
		AAC1BE631D2829E1001D51BB /* TodaysWeather */ = {
			isa = PBXGroup;
			children = (
				AAC1BE641D282A00001D51BB /* TodaysWeatherTests.swift */,
				AAC1BE831D294A3E001D51BB /* TodaysWeatherViewTests.swift */,
			);
			name = TodaysWeather;
			sourceTree = "<group>";
		};
		AAC1BE701D2857BB001D51BB /* InfoLabelAndIconView */ = {
			isa = PBXGroup;
			children = (
				AAC1BE6A1D2856C3001D51BB /* InfoLabelAndIconView.swift */,
				AAC1BE6E1D28572D001D51BB /* InfoLabelAndIconView.xib */,
			);
			name = InfoLabelAndIconView;
			sourceTree = "<group>";
		};
		AAC1BE731D2884AE001D51BB /* Location */ = {
			isa = PBXGroup;
			children = (
				AAC1BE741D2884C0001D51BB /* LocationManager.swift */,
			);
			name = Location;
			sourceTree = "<group>";
		};
		AAC1BE781D291415001D51BB /* TodaysWeatherView */ = {
			isa = PBXGroup;
			children = (
				AAC1BE791D291427001D51BB /* TodaysWeatherView.swift */,
				AAC1BE7B1D291430001D51BB /* TodaysWeatherView.xib */,
			);
			name = TodaysWeatherView;
			sourceTree = "<group>";
		};
		AAC1BE851D294E22001D51BB /* Extensions */ = {
			isa = PBXGroup;
			children = (
				AAC1BE861D294E39001D51BB /* CGFloatDegreesToRadiansTests.swift */,
			);
			name = Extensions;
			sourceTree = "<group>";
		};
/* End PBXGroup section */

/* Begin PBXNativeTarget section */
		AAC1BDEC1D27D2D2001D51BB /* WeatherApp */ = {
			isa = PBXNativeTarget;
			buildConfigurationList = AAC1BE151D27D2D3001D51BB /* Build configuration list for PBXNativeTarget "WeatherApp" */;
			buildPhases = (
				AAC1BDE91D27D2D2001D51BB /* Sources */,
				AAC1BDEA1D27D2D2001D51BB /* Frameworks */,
				AAC1BDEB1D27D2D2001D51BB /* Resources */,
			);
			buildRules = (
			);
			dependencies = (
			);
			name = WeatherApp;
			productName = WeatherApp;
			productReference = AAC1BDED1D27D2D2001D51BB /* WeatherApp.app */;
			productType = "com.apple.product-type.application";
		};
		AAC1BE001D27D2D3001D51BB /* WeatherAppTests */ = {
			isa = PBXNativeTarget;
			buildConfigurationList = AAC1BE181D27D2D3001D51BB /* Build configuration list for PBXNativeTarget "WeatherAppTests" */;
			buildPhases = (
				AAC1BDFD1D27D2D3001D51BB /* Sources */,
				AAC1BDFE1D27D2D3001D51BB /* Frameworks */,
				AAC1BDFF1D27D2D3001D51BB /* Resources */,
			);
			buildRules = (
			);
			dependencies = (
				AAC1BE031D27D2D3001D51BB /* PBXTargetDependency */,
			);
			name = WeatherAppTests;
			productName = WeatherAppTests;
			productReference = AAC1BE011D27D2D3001D51BB /* WeatherAppTests.xctest */;
			productType = "com.apple.product-type.bundle.unit-test";
		};
		AAC1BE0B1D27D2D3001D51BB /* WeatherAppUITests */ = {
			isa = PBXNativeTarget;
			buildConfigurationList = AAC1BE1B1D27D2D3001D51BB /* Build configuration list for PBXNativeTarget "WeatherAppUITests" */;
			buildPhases = (
				AAC1BE081D27D2D3001D51BB /* Sources */,
				AAC1BE091D27D2D3001D51BB /* Frameworks */,
				AAC1BE0A1D27D2D3001D51BB /* Resources */,
			);
			buildRules = (
			);
			dependencies = (
				AAC1BE0E1D27D2D3001D51BB /* PBXTargetDependency */,
			);
			name = WeatherAppUITests;
			productName = WeatherAppUITests;
			productReference = AAC1BE0C1D27D2D3001D51BB /* WeatherAppUITests.xctest */;
			productType = "com.apple.product-type.bundle.ui-testing";
		};
/* End PBXNativeTarget section */

/* Begin PBXProject section */
		AAC1BDE51D27D2D2001D51BB /* Project object */ = {
			isa = PBXProject;
			attributes = {
				LastSwiftUpdateCheck = 0730;
				LastUpgradeCheck = 0730;
				ORGANIZATIONNAME = "Christian Lysne";
				TargetAttributes = {
					AAC1BDEC1D27D2D2001D51BB = {
						CreatedOnToolsVersion = 7.3.1;
					};
					AAC1BE001D27D2D3001D51BB = {
						CreatedOnToolsVersion = 7.3.1;
						TestTargetID = AAC1BDEC1D27D2D2001D51BB;
					};
					AAC1BE0B1D27D2D3001D51BB = {
						CreatedOnToolsVersion = 7.3.1;
						TestTargetID = AAC1BDEC1D27D2D2001D51BB;
					};
				};
			};
			buildConfigurationList = AAC1BDE81D27D2D2001D51BB /* Build configuration list for PBXProject "WeatherApp" */;
			compatibilityVersion = "Xcode 3.2";
			developmentRegion = English;
			hasScannedForEncodings = 0;
			knownRegions = (
				en,
				Base,
			);
			mainGroup = AAC1BDE41D27D2D2001D51BB;
			productRefGroup = AAC1BDEE1D27D2D2001D51BB /* Products */;
			projectDirPath = "";
			projectRoot = "";
			targets = (
				AAC1BDEC1D27D2D2001D51BB /* WeatherApp */,
				AAC1BE001D27D2D3001D51BB /* WeatherAppTests */,
				AAC1BE0B1D27D2D3001D51BB /* WeatherAppUITests */,
			);
		};
/* End PBXProject section */

/* Begin PBXResourcesBuildPhase section */
		AAC1BDEB1D27D2D2001D51BB /* Resources */ = {
			isa = PBXResourcesBuildPhase;
			buildActionMask = 2147483647;
			files = (
				AAC1BE6F1D28572D001D51BB /* InfoLabelAndIconView.xib in Resources */,
				AAC1BDFB1D27D2D2001D51BB /* LaunchScreen.storyboard in Resources */,
				AAC1BDF81D27D2D2001D51BB /* Assets.xcassets in Resources */,
				AAC1BDF61D27D2D2001D51BB /* Main.storyboard in Resources */,
				AAC1BE7C1D291430001D51BB /* TodaysWeatherView.xib in Resources */,
			);
			runOnlyForDeploymentPostprocessing = 0;
		};
		AAC1BDFF1D27D2D3001D51BB /* Resources */ = {
			isa = PBXResourcesBuildPhase;
			buildActionMask = 2147483647;
			files = (
				AAC1BE681D2836F9001D51BB /* BayswaterExample.json in Resources */,
			);
			runOnlyForDeploymentPostprocessing = 0;
		};
		AAC1BE0A1D27D2D3001D51BB /* Resources */ = {
			isa = PBXResourcesBuildPhase;
			buildActionMask = 2147483647;
			files = (
				AAC1BE431D27F5F1001D51BB /* BayswaterExample.json in Resources */,
			);
			runOnlyForDeploymentPostprocessing = 0;
		};
/* End PBXResourcesBuildPhase section */

/* Begin PBXSourcesBuildPhase section */
		AAC1BDE91D27D2D2001D51BB /* Sources */ = {
			isa = PBXSourcesBuildPhase;
			buildActionMask = 2147483647;
			files = (
				AAC1BDF31D27D2D2001D51BB /* TodaysWeatherViewController.swift in Sources */,
				AAC1BE521D28043E001D51BB /* TodaysWeather.swift in Sources */,
				AAC1BDF11D27D2D2001D51BB /* AppDelegate.swift in Sources */,
				AAC1BE3B1D27EC5C001D51BB /* SeededDataTask.swift in Sources */,
				AAC1BE7A1D291427001D51BB /* TodaysWeatherView.swift in Sources */,
				AAC1BE351D27DDC7001D51BB /* NSURLSessionDataTask+SessionDataTask.swift in Sources */,
				AAC1BE481D27F8BB001D51BB /* EndpointUtil.swift in Sources */,
				AAC1BE391D27E7A8001D51BB /* NSHTTPURLResponse+StatusCode.swift in Sources */,
				AAC1BE821D29324A001D51BB /* LoadingView.swift in Sources */,
				AAC1BE751D2884C0001D51BB /* LocationManager.swift in Sources */,
				AAC1BE581D281705001D51BB /* TodaysWeatherInteractor.swift in Sources */,
				AAC1BE5D1D2817D3001D51BB /* TodaysWeatherConfigurator.swift in Sources */,
				AAC1BE541D280FFE001D51BB /* TodaysWeatherViewModel.swift in Sources */,
				AAC1BE5A1D281714001D51BB /* TodaysWeatherPresenter.swift in Sources */,
				AAC1BE3F1D27EECE001D51BB /* Config.swift in Sources */,
				AAC1BE2A1D27D856001D51BB /* URLSession.swift in Sources */,
				AAC1BE771D28939C001D51BB /* GradientView.swift in Sources */,
				AAC1BE411D27F2F4001D51BB /* Constants.swift in Sources */,
				AAC1BE371D27E393001D51BB /* String+NSUTF8StringEncoding.swift in Sources */,
				AAC1BE801D292BDE001D51BB /* CGFloat+DegreesToRadians.swift in Sources */,
				AAC1BE6D1D2856F9001D51BB /* XibLoadingView.swift in Sources */,
				AAC1BE331D27DD9D001D51BB /* URLSessionDataTask.swift in Sources */,
				AAC1BE261D27D49F001D51BB /* HTTPClient.swift in Sources */,
				AAC1BE3D1D27EC9F001D51BB /* SeededURLSession.swift in Sources */,
				AAC1BE6B1D2856C3001D51BB /* InfoLabelAndIconView.swift in Sources */,
				AAC1BE7E1D2915A1001D51BB /* ErrorButton.swift in Sources */,
				AAC1BE2E1D27D9CC001D51BB /* NSURLSession+URLSession.swift in Sources */,
			);
			runOnlyForDeploymentPostprocessing = 0;
		};
		AAC1BDFD1D27D2D3001D51BB /* Sources */ = {
			isa = PBXSourcesBuildPhase;
			buildActionMask = 2147483647;
			files = (
				AAC1BE4D1D2802B7001D51BB /* EndpointUtilTests.swift in Sources */,
				AAC1BE691D28372C001D51BB /* TestHelper.swift in Sources */,
				AAC1BE501D280301001D51BB /* ConfigTests.swift in Sources */,
				AAC1BE871D294E39001D51BB /* CGFloatDegreesToRadiansTests.swift in Sources */,
				AAC1BE651D282A00001D51BB /* TodaysWeatherTests.swift in Sources */,
				AAC1BE311D27DABD001D51BB /* HTTPClientTests.swift in Sources */,
				AAC1BE841D294A3E001D51BB /* TodaysWeatherViewTests.swift in Sources */,
			);
			runOnlyForDeploymentPostprocessing = 0;
		};
		AAC1BE081D27D2D3001D51BB /* Sources */ = {
			isa = PBXSourcesBuildPhase;
			buildActionMask = 2147483647;
			files = (
				AAC1BE111D27D2D3001D51BB /* WeatherAppUITests.swift in Sources */,
				AAC1BE451D27F698001D51BB /* TestHelper.swift in Sources */,
				AAC1BE881D295967001D51BB /* Config.swift in Sources */,
				AAC1BE491D280129001D51BB /* EndpointUtil.swift in Sources */,
				AAC1BE8B1D295B29001D51BB /* String+NSUTF8StringEncoding.swift in Sources */,
				AAC1BE8A1D295973001D51BB /* SeededURLSession.swift in Sources */,
				AAC1BE891D295970001D51BB /* SeededDataTask.swift in Sources */,
				AAC1BE4A1D280136001D51BB /* Constants.swift in Sources */,
			);
			runOnlyForDeploymentPostprocessing = 0;
		};
/* End PBXSourcesBuildPhase section */

/* Begin PBXTargetDependency section */
		AAC1BE031D27D2D3001D51BB /* PBXTargetDependency */ = {
			isa = PBXTargetDependency;
			target = AAC1BDEC1D27D2D2001D51BB /* WeatherApp */;
			targetProxy = AAC1BE021D27D2D3001D51BB /* PBXContainerItemProxy */;
		};
		AAC1BE0E1D27D2D3001D51BB /* PBXTargetDependency */ = {
			isa = PBXTargetDependency;
			target = AAC1BDEC1D27D2D2001D51BB /* WeatherApp */;
			targetProxy = AAC1BE0D1D27D2D3001D51BB /* PBXContainerItemProxy */;
		};
/* End PBXTargetDependency section */

/* Begin PBXVariantGroup section */
		AAC1BDF41D27D2D2001D51BB /* Main.storyboard */ = {
			isa = PBXVariantGroup;
			children = (
				AAC1BDF51D27D2D2001D51BB /* Base */,
			);
			name = Main.storyboard;
			sourceTree = "<group>";
		};
		AAC1BDF91D27D2D2001D51BB /* LaunchScreen.storyboard */ = {
			isa = PBXVariantGroup;
			children = (
				AAC1BDFA1D27D2D2001D51BB /* Base */,
			);
			name = LaunchScreen.storyboard;
			sourceTree = "<group>";
		};
/* End PBXVariantGroup section */

/* Begin XCBuildConfiguration section */
		AAC1BE131D27D2D3001D51BB /* Debug */ = {
			isa = XCBuildConfiguration;
			buildSettings = {
				ALWAYS_SEARCH_USER_PATHS = NO;
				CLANG_ANALYZER_NONNULL = YES;
				CLANG_CXX_LANGUAGE_STANDARD = "gnu++0x";
				CLANG_CXX_LIBRARY = "libc++";
				CLANG_ENABLE_MODULES = YES;
				CLANG_ENABLE_OBJC_ARC = YES;
				CLANG_WARN_BOOL_CONVERSION = YES;
				CLANG_WARN_CONSTANT_CONVERSION = YES;
				CLANG_WARN_DIRECT_OBJC_ISA_USAGE = YES_ERROR;
				CLANG_WARN_EMPTY_BODY = YES;
				CLANG_WARN_ENUM_CONVERSION = YES;
				CLANG_WARN_INT_CONVERSION = YES;
				CLANG_WARN_OBJC_ROOT_CLASS = YES_ERROR;
				CLANG_WARN_UNREACHABLE_CODE = YES;
				CLANG_WARN__DUPLICATE_METHOD_MATCH = YES;
				"CODE_SIGN_IDENTITY[sdk=iphoneos*]" = "iPhone Developer";
				COPY_PHASE_STRIP = NO;
				DEBUG_INFORMATION_FORMAT = dwarf;
				DEFINES_MODULE = YES;
				ENABLE_STRICT_OBJC_MSGSEND = YES;
				ENABLE_TESTABILITY = YES;
				GCC_C_LANGUAGE_STANDARD = gnu99;
				GCC_DYNAMIC_NO_PIC = NO;
				GCC_NO_COMMON_BLOCKS = YES;
				GCC_OPTIMIZATION_LEVEL = 0;
				GCC_PREPROCESSOR_DEFINITIONS = (
					"DEBUG=1",
					"$(inherited)",
				);
				GCC_WARN_64_TO_32_BIT_CONVERSION = YES;
				GCC_WARN_ABOUT_RETURN_TYPE = YES_ERROR;
				GCC_WARN_UNDECLARED_SELECTOR = YES;
				GCC_WARN_UNINITIALIZED_AUTOS = YES_AGGRESSIVE;
				GCC_WARN_UNUSED_FUNCTION = YES;
				GCC_WARN_UNUSED_VARIABLE = YES;
				IPHONEOS_DEPLOYMENT_TARGET = 9.3;
				MTL_ENABLE_DEBUG_INFO = YES;
				ONLY_ACTIVE_ARCH = YES;
				SDKROOT = iphoneos;
				SWIFT_OPTIMIZATION_LEVEL = "-Onone";
				TARGETED_DEVICE_FAMILY = "1,2";
			};
			name = Debug;
		};
		AAC1BE141D27D2D3001D51BB /* Release */ = {
			isa = XCBuildConfiguration;
			buildSettings = {
				ALWAYS_SEARCH_USER_PATHS = NO;
				CLANG_ANALYZER_NONNULL = YES;
				CLANG_CXX_LANGUAGE_STANDARD = "gnu++0x";
				CLANG_CXX_LIBRARY = "libc++";
				CLANG_ENABLE_MODULES = YES;
				CLANG_ENABLE_OBJC_ARC = YES;
				CLANG_WARN_BOOL_CONVERSION = YES;
				CLANG_WARN_CONSTANT_CONVERSION = YES;
				CLANG_WARN_DIRECT_OBJC_ISA_USAGE = YES_ERROR;
				CLANG_WARN_EMPTY_BODY = YES;
				CLANG_WARN_ENUM_CONVERSION = YES;
				CLANG_WARN_INT_CONVERSION = YES;
				CLANG_WARN_OBJC_ROOT_CLASS = YES_ERROR;
				CLANG_WARN_UNREACHABLE_CODE = YES;
				CLANG_WARN__DUPLICATE_METHOD_MATCH = YES;
				"CODE_SIGN_IDENTITY[sdk=iphoneos*]" = "iPhone Developer";
				COPY_PHASE_STRIP = NO;
				DEBUG_INFORMATION_FORMAT = "dwarf-with-dsym";
				DEFINES_MODULE = YES;
				ENABLE_NS_ASSERTIONS = NO;
				ENABLE_STRICT_OBJC_MSGSEND = YES;
				GCC_C_LANGUAGE_STANDARD = gnu99;
				GCC_NO_COMMON_BLOCKS = YES;
				GCC_WARN_64_TO_32_BIT_CONVERSION = YES;
				GCC_WARN_ABOUT_RETURN_TYPE = YES_ERROR;
				GCC_WARN_UNDECLARED_SELECTOR = YES;
				GCC_WARN_UNINITIALIZED_AUTOS = YES_AGGRESSIVE;
				GCC_WARN_UNUSED_FUNCTION = YES;
				GCC_WARN_UNUSED_VARIABLE = YES;
				IPHONEOS_DEPLOYMENT_TARGET = 9.3;
				MTL_ENABLE_DEBUG_INFO = NO;
				SDKROOT = iphoneos;
				TARGETED_DEVICE_FAMILY = "1,2";
				VALIDATE_PRODUCT = YES;
			};
			name = Release;
		};
		AAC1BE161D27D2D3001D51BB /* Debug */ = {
			isa = XCBuildConfiguration;
			buildSettings = {
				ASSETCATALOG_COMPILER_APPICON_NAME = AppIcon;
				INFOPLIST_FILE = WeatherApp/Info.plist;
				LD_RUNPATH_SEARCH_PATHS = "$(inherited) @executable_path/Frameworks";
				PRODUCT_BUNDLE_IDENTIFIER = com.christianlysne.WeatherApp;
				PRODUCT_NAME = "$(TARGET_NAME)";
			};
			name = Debug;
		};
		AAC1BE171D27D2D3001D51BB /* Release */ = {
			isa = XCBuildConfiguration;
			buildSettings = {
				ASSETCATALOG_COMPILER_APPICON_NAME = AppIcon;
				INFOPLIST_FILE = WeatherApp/Info.plist;
				LD_RUNPATH_SEARCH_PATHS = "$(inherited) @executable_path/Frameworks";
				PRODUCT_BUNDLE_IDENTIFIER = com.christianlysne.WeatherApp;
				PRODUCT_NAME = "$(TARGET_NAME)";
			};
			name = Release;
		};
		AAC1BE191D27D2D3001D51BB /* Debug */ = {
			isa = XCBuildConfiguration;
			buildSettings = {
				BUNDLE_LOADER = "$(TEST_HOST)";
				INFOPLIST_FILE = WeatherAppTests/Info.plist;
				LD_RUNPATH_SEARCH_PATHS = "$(inherited) @executable_path/Frameworks @loader_path/Frameworks";
				PRODUCT_BUNDLE_IDENTIFIER = com.christianlysne.WeatherAppTests;
				PRODUCT_NAME = "$(TARGET_NAME)";
				TEST_HOST = "$(BUILT_PRODUCTS_DIR)/WeatherApp.app/WeatherApp";
			};
			name = Debug;
		};
		AAC1BE1A1D27D2D3001D51BB /* Release */ = {
			isa = XCBuildConfiguration;
			buildSettings = {
				BUNDLE_LOADER = "$(TEST_HOST)";
				INFOPLIST_FILE = WeatherAppTests/Info.plist;
				LD_RUNPATH_SEARCH_PATHS = "$(inherited) @executable_path/Frameworks @loader_path/Frameworks";
				PRODUCT_BUNDLE_IDENTIFIER = com.christianlysne.WeatherAppTests;
				PRODUCT_NAME = "$(TARGET_NAME)";
				TEST_HOST = "$(BUILT_PRODUCTS_DIR)/WeatherApp.app/WeatherApp";
			};
			name = Release;
		};
		AAC1BE1C1D27D2D3001D51BB /* Debug */ = {
			isa = XCBuildConfiguration;
			buildSettings = {
				INFOPLIST_FILE = WeatherAppUITests/Info.plist;
				LD_RUNPATH_SEARCH_PATHS = "$(inherited) @executable_path/Frameworks @loader_path/Frameworks";
				PRODUCT_BUNDLE_IDENTIFIER = com.christianlysne.WeatherAppUITests;
				PRODUCT_NAME = "$(TARGET_NAME)";
				TEST_TARGET_NAME = WeatherApp;
			};
			name = Debug;
		};
		AAC1BE1D1D27D2D3001D51BB /* Release */ = {
			isa = XCBuildConfiguration;
			buildSettings = {
				INFOPLIST_FILE = WeatherAppUITests/Info.plist;
				LD_RUNPATH_SEARCH_PATHS = "$(inherited) @executable_path/Frameworks @loader_path/Frameworks";
				PRODUCT_BUNDLE_IDENTIFIER = com.christianlysne.WeatherAppUITests;
				PRODUCT_NAME = "$(TARGET_NAME)";
				TEST_TARGET_NAME = WeatherApp;
			};
			name = Release;
		};
/* End XCBuildConfiguration section */

/* Begin XCConfigurationList section */
		AAC1BDE81D27D2D2001D51BB /* Build configuration list for PBXProject "WeatherApp" */ = {
			isa = XCConfigurationList;
			buildConfigurations = (
				AAC1BE131D27D2D3001D51BB /* Debug */,
				AAC1BE141D27D2D3001D51BB /* Release */,
			);
			defaultConfigurationIsVisible = 0;
			defaultConfigurationName = Release;
		};
		AAC1BE151D27D2D3001D51BB /* Build configuration list for PBXNativeTarget "WeatherApp" */ = {
			isa = XCConfigurationList;
			buildConfigurations = (
				AAC1BE161D27D2D3001D51BB /* Debug */,
				AAC1BE171D27D2D3001D51BB /* Release */,
			);
			defaultConfigurationIsVisible = 0;
		};
		AAC1BE181D27D2D3001D51BB /* Build configuration list for PBXNativeTarget "WeatherAppTests" */ = {
			isa = XCConfigurationList;
			buildConfigurations = (
				AAC1BE191D27D2D3001D51BB /* Debug */,
				AAC1BE1A1D27D2D3001D51BB /* Release */,
			);
			defaultConfigurationIsVisible = 0;
		};
		AAC1BE1B1D27D2D3001D51BB /* Build configuration list for PBXNativeTarget "WeatherAppUITests" */ = {
			isa = XCConfigurationList;
			buildConfigurations = (
				AAC1BE1C1D27D2D3001D51BB /* Debug */,
				AAC1BE1D1D27D2D3001D51BB /* Release */,
			);
			defaultConfigurationIsVisible = 0;
		};
/* End XCConfigurationList section */
	};
	rootObject = AAC1BDE51D27D2D2001D51BB /* Project object */;
}
